
Microsoft Visual Studio Solution File, Format Version 12.00
# Visual Studio Version 17
VisualStudioVersion = 17.6.33723.286
MinimumVisualStudioVersion = 10.0.40219.1
Project("{9A19103F-16F7-4668-BE54-9A1E7A4F7556}") = "SrtMacro_v02", "SrtMacro_v02\SrtMacro_v02.csproj", "{90734A17-CF2E-4F7F-91BA-B3B93A78FB32}"
EndProject
Project("{54435603-DBB4-11D2-8724-00A0C9A8B90C}") = "MacroSetup", "MacroSetup\MacroSetup.vdproj", "{B26CA09E-22E8-43B0-8E94-C24343FFB2CB}"
EndProject
Global
	GlobalSection(SolutionConfigurationPlatforms) = preSolution
		Debug|Any CPU = Debug|Any CPU
		Release|Any CPU = Release|Any CPU
	EndGlobalSection
	GlobalSection(ProjectConfigurationPlatforms) = postSolution
		{90734A17-CF2E-4F7F-91BA-B3B93A78FB32}.Debug|Any CPU.ActiveCfg = Debug|Any CPU
		{90734A17-CF2E-4F7F-91BA-B3B93A78FB32}.Debug|Any CPU.Build.0 = Debug|Any CPU
		{90734A17-CF2E-4F7F-91BA-B3B93A78FB32}.Release|Any CPU.ActiveCfg = Release|Any CPU
		{90734A17-CF2E-4F7F-91BA-B3B93A78FB32}.Release|Any CPU.Build.0 = Release|Any CPU
		{B26CA09E-22E8-43B0-8E94-C24343FFB2CB}.Debug|Any CPU.ActiveCfg = Debug
		{B26CA09E-22E8-43B0-8E94-C24343FFB2CB}.Release|Any CPU.ActiveCfg = Release
	EndGlobalSection
	GlobalSection(SolutionProperties) = preSolution
		HideSolutionNode = FALSE
	EndGlobalSection
	GlobalSection(ExtensibilityGlobals) = postSolution
		SolutionGuid = {A60DAD91-38E4-4BF3-981B-2322CD3BD5A1}
	EndGlobalSection
EndGlobal
